
Microsoft Visual Studio Solution File, Format Version 12.00
# Visual Studio Version 17
VisualStudioVersion = 17.0.31903.59
MinimumVisualStudioVersion = 10.0.40219.1
Project("{2150E333-8FDC-42A3-9474-1A3956D46DE8}") = "Core", "Core", "{D75CACCF-DA66-43FB-B5D4-47134D89DF0E}"
EndProject
Project("{2150E333-8FDC-42A3-9474-1A3956D46DE8}") = "Infrastructure", "Infrastructure", "{796B2FA4-3EDA-4197-8E77-80BCFC813C65}"
EndProject
Project("{2150E333-8FDC-42A3-9474-1A3956D46DE8}") = "Presentation", "Presentation", "{C9099F81-381B-449B-801F-74F5E6C03735}"
EndProject
Project("{9A19103F-16F7-4668-BE54-9A1E7A4F7556}") = "Notes.Domain", "Core\Notes.Domain\Notes.Domain.csproj", "{F86FBD5F-E187-4564-B5E5-FF4198E85CE1}"
EndProject
Project("{9A19103F-16F7-4668-BE54-9A1E7A4F7556}") = "Notes.Application", "Core\Notes.Application\Notes.Application.csproj", "{B331E570-C52B-478C-8DD6-1BC7E30AEEEC}"
EndProject
Project("{9A19103F-16F7-4668-BE54-9A1E7A4F7556}") = "Notes.Persistence", "Infrastructure\Notes.Persistence\Notes.Persistence.csproj", "{8624E06C-E940-4107-9CA0-9B91A392DAA9}"
EndProject
Project("{9A19103F-16F7-4668-BE54-9A1E7A4F7556}") = "Notes.WebApi", "Presentation\Notes.WebApi\Notes.WebApi.csproj", "{4FA2855E-6F62-49BF-B10D-5C8169A115B0}"
EndProject
Global
	GlobalSection(SolutionConfigurationPlatforms) = preSolution
		Debug|Any CPU = Debug|Any CPU
		Release|Any CPU = Release|Any CPU
	EndGlobalSection
	GlobalSection(ProjectConfigurationPlatforms) = postSolution
		{F86FBD5F-E187-4564-B5E5-FF4198E85CE1}.Debug|Any CPU.ActiveCfg = Debug|Any CPU
		{F86FBD5F-E187-4564-B5E5-FF4198E85CE1}.Debug|Any CPU.Build.0 = Debug|Any CPU
		{F86FBD5F-E187-4564-B5E5-FF4198E85CE1}.Release|Any CPU.ActiveCfg = Release|Any CPU
		{F86FBD5F-E187-4564-B5E5-FF4198E85CE1}.Release|Any CPU.Build.0 = Release|Any CPU
		{B331E570-C52B-478C-8DD6-1BC7E30AEEEC}.Debug|Any CPU.ActiveCfg = Debug|Any CPU
		{B331E570-C52B-478C-8DD6-1BC7E30AEEEC}.Debug|Any CPU.Build.0 = Debug|Any CPU
		{B331E570-C52B-478C-8DD6-1BC7E30AEEEC}.Release|Any CPU.ActiveCfg = Release|Any CPU
		{B331E570-C52B-478C-8DD6-1BC7E30AEEEC}.Release|Any CPU.Build.0 = Release|Any CPU
		{8624E06C-E940-4107-9CA0-9B91A392DAA9}.Debug|Any CPU.ActiveCfg = Debug|Any CPU
		{8624E06C-E940-4107-9CA0-9B91A392DAA9}.Debug|Any CPU.Build.0 = Debug|Any CPU
		{8624E06C-E940-4107-9CA0-9B91A392DAA9}.Release|Any CPU.ActiveCfg = Release|Any CPU
		{8624E06C-E940-4107-9CA0-9B91A392DAA9}.Release|Any CPU.Build.0 = Release|Any CPU
		{4FA2855E-6F62-49BF-B10D-5C8169A115B0}.Debug|Any CPU.ActiveCfg = Debug|Any CPU
		{4FA2855E-6F62-49BF-B10D-5C8169A115B0}.Debug|Any CPU.Build.0 = Debug|Any CPU
		{4FA2855E-6F62-49BF-B10D-5C8169A115B0}.Release|Any CPU.ActiveCfg = Release|Any CPU
		{4FA2855E-6F62-49BF-B10D-5C8169A115B0}.Release|Any CPU.Build.0 = Release|Any CPU
	EndGlobalSection
	GlobalSection(SolutionProperties) = preSolution
		HideSolutionNode = FALSE
	EndGlobalSection
	GlobalSection(NestedProjects) = preSolution
		{F86FBD5F-E187-4564-B5E5-FF4198E85CE1} = {D75CACCF-DA66-43FB-B5D4-47134D89DF0E}
		{B331E570-C52B-478C-8DD6-1BC7E30AEEEC} = {D75CACCF-DA66-43FB-B5D4-47134D89DF0E}
		{8624E06C-E940-4107-9CA0-9B91A392DAA9} = {796B2FA4-3EDA-4197-8E77-80BCFC813C65}
		{4FA2855E-6F62-49BF-B10D-5C8169A115B0} = {C9099F81-381B-449B-801F-74F5E6C03735}
	EndGlobalSection
	GlobalSection(ExtensibilityGlobals) = postSolution
		SolutionGuid = {D09915C3-6CB4-498A-B067-F09B5041EE24}
	EndGlobalSection
EndGlobal
